
Microsoft Visual Studio Solution File, Format Version 12.00
# Visual Studio Version 17
VisualStudioVersion = 17.4.33403.182
MinimumVisualStudioVersion = 10.0.40219.1
Project("{FAE04EC0-301F-11D3-BF4B-00C04F79EFBC}") = "Bg-open-sportAPI", "Bg-open-sportAPI\Bg-open-sportAPI.csproj", "{02DF7225-3E6B-46D4-8159-654E95214121}"
EndProject
Global
	GlobalSection(SolutionConfigurationPlatforms) = preSolution
		Debug|Any CPU = Debug|Any CPU
		Release|Any CPU = Release|Any CPU
	EndGlobalSection
	GlobalSection(ProjectConfigurationPlatforms) = postSolution
		{02DF7225-3E6B-46D4-8159-654E95214121}.Debug|Any CPU.ActiveCfg = Debug|Any CPU
		{02DF7225-3E6B-46D4-8159-654E95214121}.Debug|Any CPU.Build.0 = Debug|Any CPU
		{02DF7225-3E6B-46D4-8159-654E95214121}.Release|Any CPU.ActiveCfg = Release|Any CPU
		{02DF7225-3E6B-46D4-8159-654E95214121}.Release|Any CPU.Build.0 = Release|Any CPU
	EndGlobalSection
	GlobalSection(SolutionProperties) = preSolution
		HideSolutionNode = FALSE
	EndGlobalSection
	GlobalSection(ExtensibilityGlobals) = postSolution
		SolutionGuid = {B526B499-D412-461F-AB81-0A696DCDD5B3}
	EndGlobalSection
EndGlobal
